// !$*UTF8*$!
{
	archiveVersion = 1;
	classes = {
	};
	objectVersion = 48;
	objects = {

/* Begin PBXBuildFile section */
		F1590EFA203DEC3C00C12D4B /* AppDelegate.swift in Sources */ = {isa = PBXBuildFile; fileRef = F1590EF9203DEC3C00C12D4B /* AppDelegate.swift */; };
		F1590EFC203DEC3C00C12D4B /* ViewController.swift in Sources */ = {isa = PBXBuildFile; fileRef = F1590EFB203DEC3C00C12D4B /* ViewController.swift */; };
		F1590EFF203DEC3C00C12D4B /* Main.storyboard in Resources */ = {isa = PBXBuildFile; fileRef = F1590EFD203DEC3C00C12D4B /* Main.storyboard */; };
		F1590F04203DEC3C00C12D4B /* LaunchScreen.storyboard in Resources */ = {isa = PBXBuildFile; fileRef = F1590F02203DEC3C00C12D4B /* LaunchScreen.storyboard */; };
		F1590F0F203DEC3C00C12D4B /* QuizTests.swift in Sources */ = {isa = PBXBuildFile; fileRef = F1590F0E203DEC3C00C12D4B /* QuizTests.swift */; };
		F1590F1A203DEC3C00C12D4B /* QuizUITests.swift in Sources */ = {isa = PBXBuildFile; fileRef = F1590F19203DEC3C00C12D4B /* QuizUITests.swift */; };
		F1590F28203E063400C12D4B /* Images.xcassets in Resources */ = {isa = PBXBuildFile; fileRef = F1590F27203E063400C12D4B /* Images.xcassets */; };
/* End PBXBuildFile section */

/* Begin PBXContainerItemProxy section */
		F1590F0B203DEC3C00C12D4B /* PBXContainerItemProxy */ = {
			isa = PBXContainerItemProxy;
			containerPortal = F1590EEE203DEC3C00C12D4B /* Project object */;
			proxyType = 1;
			remoteGlobalIDString = F1590EF5203DEC3C00C12D4B;
			remoteInfo = Quiz;
		};
		F1590F16203DEC3C00C12D4B /* PBXContainerItemProxy */ = {
			isa = PBXContainerItemProxy;
			containerPortal = F1590EEE203DEC3C00C12D4B /* Project object */;
			proxyType = 1;
			remoteGlobalIDString = F1590EF5203DEC3C00C12D4B;
			remoteInfo = Quiz;
		};
/* End PBXContainerItemProxy section */

/* Begin PBXFileReference section */
		F1590EF6203DEC3C00C12D4B /* Quiz.app */ = {isa = PBXFileReference; explicitFileType = wrapper.application; includeInIndex = 0; path = Quiz.app; sourceTree = BUILT_PRODUCTS_DIR; };
		F1590EF9203DEC3C00C12D4B /* AppDelegate.swift */ = {isa = PBXFileReference; lastKnownFileType = sourcecode.swift; path = AppDelegate.swift; sourceTree = "<group>"; };
		F1590EFB203DEC3C00C12D4B /* ViewController.swift */ = {isa = PBXFileReference; lastKnownFileType = sourcecode.swift; path = ViewController.swift; sourceTree = "<group>"; };
		F1590EFE203DEC3C00C12D4B /* Base */ = {isa = PBXFileReference; lastKnownFileType = file.storyboard; name = Base; path = Base.lproj/Main.storyboard; sourceTree = "<group>"; };
		F1590F03203DEC3C00C12D4B /* Base */ = {isa = PBXFileReference; lastKnownFileType = file.storyboard; name = Base; path = Base.lproj/LaunchScreen.storyboard; sourceTree = "<group>"; };
		F1590F05203DEC3C00C12D4B /* Info.plist */ = {isa = PBXFileReference; lastKnownFileType = text.plist.xml; path = Info.plist; sourceTree = "<group>"; };
		F1590F0A203DEC3C00C12D4B /* QuizTests.xctest */ = {isa = PBXFileReference; explicitFileType = wrapper.cfbundle; includeInIndex = 0; path = QuizTests.xctest; sourceTree = BUILT_PRODUCTS_DIR; };
		F1590F0E203DEC3C00C12D4B /* QuizTests.swift */ = {isa = PBXFileReference; lastKnownFileType = sourcecode.swift; path = QuizTests.swift; sourceTree = "<group>"; };
		F1590F10203DEC3C00C12D4B /* Info.plist */ = {isa = PBXFileReference; lastKnownFileType = text.plist.xml; path = Info.plist; sourceTree = "<group>"; };
		F1590F15203DEC3C00C12D4B /* QuizUITests.xctest */ = {isa = PBXFileReference; explicitFileType = wrapper.cfbundle; includeInIndex = 0; path = QuizUITests.xctest; sourceTree = BUILT_PRODUCTS_DIR; };
		F1590F19203DEC3C00C12D4B /* QuizUITests.swift */ = {isa = PBXFileReference; lastKnownFileType = sourcecode.swift; path = QuizUITests.swift; sourceTree = "<group>"; };
		F1590F1B203DEC3C00C12D4B /* Info.plist */ = {isa = PBXFileReference; lastKnownFileType = text.plist.xml; path = Info.plist; sourceTree = "<group>"; };
		F1590F27203E063400C12D4B /* Images.xcassets */ = {isa = PBXFileReference; lastKnownFileType = folder.assetcatalog; path = Images.xcassets; sourceTree = "<group>"; };
/* End PBXFileReference section */

/* Begin PBXFrameworksBuildPhase section */
		F1590EF3203DEC3C00C12D4B /* Frameworks */ = {
			isa = PBXFrameworksBuildPhase;
			buildActionMask = 2147483647;
			files = (
			);
			runOnlyForDeploymentPostprocessing = 0;
		};
		F1590F07203DEC3C00C12D4B /* Frameworks */ = {
			isa = PBXFrameworksBuildPhase;
			buildActionMask = 2147483647;
			files = (
			);
			runOnlyForDeploymentPostprocessing = 0;
		};
		F1590F12203DEC3C00C12D4B /* Frameworks */ = {
			isa = PBXFrameworksBuildPhase;
			buildActionMask = 2147483647;
			files = (
			);
			runOnlyForDeploymentPostprocessing = 0;
		};
/* End PBXFrameworksBuildPhase section */

/* Begin PBXGroup section */
		F1590EED203DEC3C00C12D4B = {
			isa = PBXGroup;
			children = (
				F1590EF8203DEC3C00C12D4B /* Quiz */,
				F1590F0D203DEC3C00C12D4B /* QuizTests */,
				F1590F18203DEC3C00C12D4B /* QuizUITests */,
				F1590EF7203DEC3C00C12D4B /* Products */,
			);
			sourceTree = "<group>";
		};
		F1590EF7203DEC3C00C12D4B /* Products */ = {
			isa = PBXGroup;
			children = (
				F1590EF6203DEC3C00C12D4B /* Quiz.app */,
				F1590F0A203DEC3C00C12D4B /* QuizTests.xctest */,
				F1590F15203DEC3C00C12D4B /* QuizUITests.xctest */,
			);
			name = Products;
			sourceTree = "<group>";
		};
		F1590EF8203DEC3C00C12D4B /* Quiz */ = {
			isa = PBXGroup;
			children = (
				F1590EF9203DEC3C00C12D4B /* AppDelegate.swift */,
				F1590EFB203DEC3C00C12D4B /* ViewController.swift */,
				F1590EFD203DEC3C00C12D4B /* Main.storyboard */,
				F1590F02203DEC3C00C12D4B /* LaunchScreen.storyboard */,
				F1590F05203DEC3C00C12D4B /* Info.plist */,
				F1590F27203E063400C12D4B /* Images.xcassets */,
			);
			path = Quiz;
			sourceTree = "<group>";
		};
		F1590F0D203DEC3C00C12D4B /* QuizTests */ = {
			isa = PBXGroup;
			children = (
				F1590F0E203DEC3C00C12D4B /* QuizTests.swift */,
				F1590F10203DEC3C00C12D4B /* Info.plist */,
			);
			path = QuizTests;
			sourceTree = "<group>";
		};
		F1590F18203DEC3C00C12D4B /* QuizUITests */ = {
			isa = PBXGroup;
			children = (
				F1590F19203DEC3C00C12D4B /* QuizUITests.swift */,
				F1590F1B203DEC3C00C12D4B /* Info.plist */,
			);
			path = QuizUITests;
			sourceTree = "<group>";
		};
/* End PBXGroup section */

/* Begin PBXNativeTarget section */
		F1590EF5203DEC3C00C12D4B /* Quiz */ = {
			isa = PBXNativeTarget;
			buildConfigurationList = F1590F1E203DEC3C00C12D4B /* Build configuration list for PBXNativeTarget "Quiz" */;
			buildPhases = (
				F1590EF2203DEC3C00C12D4B /* Sources */,
				F1590EF3203DEC3C00C12D4B /* Frameworks */,
				F1590EF4203DEC3C00C12D4B /* Resources */,
			);
			buildRules = (
			);
			dependencies = (
			);
			name = Quiz;
			productName = Quiz;
			productReference = F1590EF6203DEC3C00C12D4B /* Quiz.app */;
			productType = "com.apple.product-type.application";
		};
		F1590F09203DEC3C00C12D4B /* QuizTests */ = {
			isa = PBXNativeTarget;
			buildConfigurationList = F1590F21203DEC3C00C12D4B /* Build configuration list for PBXNativeTarget "QuizTests" */;
			buildPhases = (
				F1590F06203DEC3C00C12D4B /* Sources */,
				F1590F07203DEC3C00C12D4B /* Frameworks */,
				F1590F08203DEC3C00C12D4B /* Resources */,
			);
			buildRules = (
			);
			dependencies = (
				F1590F0C203DEC3C00C12D4B /* PBXTargetDependency */,
			);
			name = QuizTests;
			productName = QuizTests;
			productReference = F1590F0A203DEC3C00C12D4B /* QuizTests.xctest */;
			productType = "com.apple.product-type.bundle.unit-test";
		};
		F1590F14203DEC3C00C12D4B /* QuizUITests */ = {
			isa = PBXNativeTarget;
			buildConfigurationList = F1590F24203DEC3C00C12D4B /* Build configuration list for PBXNativeTarget "QuizUITests" */;
			buildPhases = (
				F1590F11203DEC3C00C12D4B /* Sources */,
				F1590F12203DEC3C00C12D4B /* Frameworks */,
				F1590F13203DEC3C00C12D4B /* Resources */,
			);
			buildRules = (
			);
			dependencies = (
				F1590F17203DEC3C00C12D4B /* PBXTargetDependency */,
			);
			name = QuizUITests;
			productName = QuizUITests;
			productReference = F1590F15203DEC3C00C12D4B /* QuizUITests.xctest */;
			productType = "com.apple.product-type.bundle.ui-testing";
		};
/* End PBXNativeTarget section */

/* Begin PBXProject section */
		F1590EEE203DEC3C00C12D4B /* Project object */ = {
			isa = PBXProject;
			attributes = {
				LastSwiftUpdateCheck = 0920;
				LastUpgradeCheck = 0920;
				ORGANIZATIONNAME = "Luis Bruno Garduño Castro";
				TargetAttributes = {
					F1590EF5203DEC3C00C12D4B = {
						CreatedOnToolsVersion = 9.2;
						ProvisioningStyle = Automatic;
					};
					F1590F09203DEC3C00C12D4B = {
						CreatedOnToolsVersion = 9.2;
						ProvisioningStyle = Automatic;
						TestTargetID = F1590EF5203DEC3C00C12D4B;
					};
					F1590F14203DEC3C00C12D4B = {
						CreatedOnToolsVersion = 9.2;
						ProvisioningStyle = Automatic;
						TestTargetID = F1590EF5203DEC3C00C12D4B;
					};
				};
			};
			buildConfigurationList = F1590EF1203DEC3C00C12D4B /* Build configuration list for PBXProject "Quiz" */;
			compatibilityVersion = "Xcode 8.0";
			developmentRegion = en;
			hasScannedForEncodings = 0;
			knownRegions = (
				en,
				Base,
			);
			mainGroup = F1590EED203DEC3C00C12D4B;
			productRefGroup = F1590EF7203DEC3C00C12D4B /* Products */;
			projectDirPath = "";
			projectRoot = "";
			targets = (
				F1590EF5203DEC3C00C12D4B /* Quiz */,
				F1590F09203DEC3C00C12D4B /* QuizTests */,
				F1590F14203DEC3C00C12D4B /* QuizUITests */,
			);
		};
/* End PBXProject section */

/* Begin PBXResourcesBuildPhase section */
		F1590EF4203DEC3C00C12D4B /* Resources */ = {
			isa = PBXResourcesBuildPhase;
			buildActionMask = 2147483647;
			files = (
				F1590F28203E063400C12D4B /* Images.xcassets in Resources */,
				F1590F04203DEC3C00C12D4B /* LaunchScreen.storyboard in Resources */,
				F1590EFF203DEC3C00C12D4B /* Main.storyboard in Resources */,
			);
			runOnlyForDeploymentPostprocessing = 0;
		};
		F1590F08203DEC3C00C12D4B /* Resources */ = {
			isa = PBXResourcesBuildPhase;
			buildActionMask = 2147483647;
			files = (
			);
			runOnlyForDeploymentPostprocessing = 0;
		};
		F1590F13203DEC3C00C12D4B /* Resources */ = {
			isa = PBXResourcesBuildPhase;
			buildActionMask = 2147483647;
			files = (
			);
			runOnlyForDeploymentPostprocessing = 0;
		};
/* End PBXResourcesBuildPhase section */

/* Begin PBXSourcesBuildPhase section */
		F1590EF2203DEC3C00C12D4B /* Sources */ = {
			isa = PBXSourcesBuildPhase;
			buildActionMask = 2147483647;
			files = (
				F1590EFC203DEC3C00C12D4B /* ViewController.swift in Sources */,
				F1590EFA203DEC3C00C12D4B /* AppDelegate.swift in Sources */,
			);
			runOnlyForDeploymentPostprocessing = 0;
		};
		F1590F06203DEC3C00C12D4B /* Sources */ = {
			isa = PBXSourcesBuildPhase;
			buildActionMask = 2147483647;
			files = (
				F1590F0F203DEC3C00C12D4B /* QuizTests.swift in Sources */,
			);
			runOnlyForDeploymentPostprocessing = 0;
		};
		F1590F11203DEC3C00C12D4B /* Sources */ = {
			isa = PBXSourcesBuildPhase;
			buildActionMask = 2147483647;
			files = (
				F1590F1A203DEC3C00C12D4B /* QuizUITests.swift in Sources */,
			);
			runOnlyForDeploymentPostprocessing = 0;
		};
/* End PBXSourcesBuildPhase section */

/* Begin PBXTargetDependency section */
		F1590F0C203DEC3C00C12D4B /* PBXTargetDependency */ = {
			isa = PBXTargetDependency;
			target = F1590EF5203DEC3C00C12D4B /* Quiz */;
			targetProxy = F1590F0B203DEC3C00C12D4B /* PBXContainerItemProxy */;
		};
		F1590F17203DEC3C00C12D4B /* PBXTargetDependency */ = {
			isa = PBXTargetDependency;
			target = F1590EF5203DEC3C00C12D4B /* Quiz */;
			targetProxy = F1590F16203DEC3C00C12D4B /* PBXContainerItemProxy */;
		};
/* End PBXTargetDependency section */

/* Begin PBXVariantGroup section */
		F1590EFD203DEC3C00C12D4B /* Main.storyboard */ = {
			isa = PBXVariantGroup;
			children = (
				F1590EFE203DEC3C00C12D4B /* Base */,
			);
			name = Main.storyboard;
			sourceTree = "<group>";
		};
		F1590F02203DEC3C00C12D4B /* LaunchScreen.storyboard */ = {
			isa = PBXVariantGroup;
			children = (
				F1590F03203DEC3C00C12D4B /* Base */,
			);
			name = LaunchScreen.storyboard;
			sourceTree = "<group>";
		};
/* End PBXVariantGroup section */

/* Begin XCBuildConfiguration section */
		F1590F1C203DEC3C00C12D4B /* Debug */ = {
			isa = XCBuildConfiguration;
			buildSettings = {
				ALWAYS_SEARCH_USER_PATHS = NO;
				CLANG_ANALYZER_NONNULL = YES;
				CLANG_ANALYZER_NUMBER_OBJECT_CONVERSION = YES_AGGRESSIVE;
				CLANG_CXX_LANGUAGE_STANDARD = "gnu++14";
				CLANG_CXX_LIBRARY = "libc++";
				CLANG_ENABLE_MODULES = YES;
				CLANG_ENABLE_OBJC_ARC = YES;
				CLANG_WARN_BLOCK_CAPTURE_AUTORELEASING = YES;
				CLANG_WARN_BOOL_CONVERSION = YES;
				CLANG_WARN_COMMA = YES;
				CLANG_WARN_CONSTANT_CONVERSION = YES;
				CLANG_WARN_DIRECT_OBJC_ISA_USAGE = YES_ERROR;
				CLANG_WARN_DOCUMENTATION_COMMENTS = YES;
				CLANG_WARN_EMPTY_BODY = YES;
				CLANG_WARN_ENUM_CONVERSION = YES;
				CLANG_WARN_INFINITE_RECURSION = YES;
				CLANG_WARN_INT_CONVERSION = YES;
				CLANG_WARN_NON_LITERAL_NULL_CONVERSION = YES;
				CLANG_WARN_OBJC_LITERAL_CONVERSION = YES;
				CLANG_WARN_OBJC_ROOT_CLASS = YES_ERROR;
				CLANG_WARN_RANGE_LOOP_ANALYSIS = YES;
				CLANG_WARN_STRICT_PROTOTYPES = YES;
				CLANG_WARN_SUSPICIOUS_MOVE = YES;
				CLANG_WARN_UNGUARDED_AVAILABILITY = YES_AGGRESSIVE;
				CLANG_WARN_UNREACHABLE_CODE = YES;
				CLANG_WARN__DUPLICATE_METHOD_MATCH = YES;
				CODE_SIGN_IDENTITY = "iPhone Developer";
				COPY_PHASE_STRIP = NO;
				DEBUG_INFORMATION_FORMAT = dwarf;
				ENABLE_STRICT_OBJC_MSGSEND = YES;
				ENABLE_TESTABILITY = YES;
				GCC_C_LANGUAGE_STANDARD = gnu11;
				GCC_DYNAMIC_NO_PIC = NO;
				GCC_NO_COMMON_BLOCKS = YES;
				GCC_OPTIMIZATION_LEVEL = 0;
				GCC_PREPROCESSOR_DEFINITIONS = (
					"DEBUG=1",
					"$(inherited)",
				);
				GCC_WARN_64_TO_32_BIT_CONVERSION = YES;
				GCC_WARN_ABOUT_RETURN_TYPE = YES_ERROR;
				GCC_WARN_UNDECLARED_SELECTOR = YES;
				GCC_WARN_UNINITIALIZED_AUTOS = YES_AGGRESSIVE;
				GCC_WARN_UNUSED_FUNCTION = YES;
				GCC_WARN_UNUSED_VARIABLE = YES;
				IPHONEOS_DEPLOYMENT_TARGET = 11.2;
				MTL_ENABLE_DEBUG_INFO = YES;
				ONLY_ACTIVE_ARCH = YES;
				SDKROOT = iphoneos;
				SWIFT_ACTIVE_COMPILATION_CONDITIONS = DEBUG;
				SWIFT_OPTIMIZATION_LEVEL = "-Onone";
			};
			name = Debug;
		};
		F1590F1D203DEC3C00C12D4B /* Release */ = {
			isa = XCBuildConfiguration;
			buildSettings = {
				ALWAYS_SEARCH_USER_PATHS = NO;
				CLANG_ANALYZER_NONNULL = YES;
				CLANG_ANALYZER_NUMBER_OBJECT_CONVERSION = YES_AGGRESSIVE;
				CLANG_CXX_LANGUAGE_STANDARD = "gnu++14";
				CLANG_CXX_LIBRARY = "libc++";
				CLANG_ENABLE_MODULES = YES;
				CLANG_ENABLE_OBJC_ARC = YES;
				CLANG_WARN_BLOCK_CAPTURE_AUTORELEASING = YES;
				CLANG_WARN_BOOL_CONVERSION = YES;
				CLANG_WARN_COMMA = YES;
				CLANG_WARN_CONSTANT_CONVERSION = YES;
				CLANG_WARN_DIRECT_OBJC_ISA_USAGE = YES_ERROR;
				CLANG_WARN_DOCUMENTATION_COMMENTS = YES;
				CLANG_WARN_EMPTY_BODY = YES;
				CLANG_WARN_ENUM_CONVERSION = YES;
				CLANG_WARN_INFINITE_RECURSION = YES;
				CLANG_WARN_INT_CONVERSION = YES;
				CLANG_WARN_NON_LITERAL_NULL_CONVERSION = YES;
				CLANG_WARN_OBJC_LITERAL_CONVERSION = YES;
				CLANG_WARN_OBJC_ROOT_CLASS = YES_ERROR;
				CLANG_WARN_RANGE_LOOP_ANALYSIS = YES;
				CLANG_WARN_STRICT_PROTOTYPES = YES;
				CLANG_WARN_SUSPICIOUS_MOVE = YES;
				CLANG_WARN_UNGUARDED_AVAILABILITY = YES_AGGRESSIVE;
				CLANG_WARN_UNREACHABLE_CODE = YES;
				CLANG_WARN__DUPLICATE_METHOD_MATCH = YES;
				CODE_SIGN_IDENTITY = "iPhone Developer";
				COPY_PHASE_STRIP = NO;
				DEBUG_INFORMATION_FORMAT = "dwarf-with-dsym";
				ENABLE_NS_ASSERTIONS = NO;
				ENABLE_STRICT_OBJC_MSGSEND = YES;
				GCC_C_LANGUAGE_STANDARD = gnu11;
				GCC_NO_COMMON_BLOCKS = YES;
				GCC_WARN_64_TO_32_BIT_CONVERSION = YES;
				GCC_WARN_ABOUT_RETURN_TYPE = YES_ERROR;
				GCC_WARN_UNDECLARED_SELECTOR = YES;
				GCC_WARN_UNINITIALIZED_AUTOS = YES_AGGRESSIVE;
				GCC_WARN_UNUSED_FUNCTION = YES;
				GCC_WARN_UNUSED_VARIABLE = YES;
				IPHONEOS_DEPLOYMENT_TARGET = 11.2;
				MTL_ENABLE_DEBUG_INFO = NO;
				SDKROOT = iphoneos;
				SWIFT_OPTIMIZATION_LEVEL = "-Owholemodule";
				VALIDATE_PRODUCT = YES;
			};
			name = Release;
		};
		F1590F1F203DEC3C00C12D4B /* Debug */ = {
			isa = XCBuildConfiguration;
			buildSettings = {
				ASSETCATALOG_COMPILER_APPICON_NAME = AppIcon;
				ASSETCATALOG_COMPILER_LAUNCHIMAGE_NAME = LaunchImage;
				CODE_SIGN_STYLE = Automatic;
				INFOPLIST_FILE = Quiz/Info.plist;
				LD_RUNPATH_SEARCH_PATHS = "$(inherited) @executable_path/Frameworks";
				PRODUCT_BUNDLE_IDENTIFIER = mx.com.mapea.Quiz;
				PRODUCT_NAME = "$(TARGET_NAME)";
				SWIFT_VERSION = 4.0;
				TARGETED_DEVICE_FAMILY = "1,2";
			};
			name = Debug;
		};
		F1590F20203DEC3C00C12D4B /* Release */ = {
			isa = XCBuildConfiguration;
			buildSettings = {
				ASSETCATALOG_COMPILER_APPICON_NAME = AppIcon;
				ASSETCATALOG_COMPILER_LAUNCHIMAGE_NAME = LaunchImage;
				CODE_SIGN_STYLE = Automatic;
				INFOPLIST_FILE = Quiz/Info.plist;
				LD_RUNPATH_SEARCH_PATHS = "$(inherited) @executable_path/Frameworks";
				PRODUCT_BUNDLE_IDENTIFIER = mx.com.mapea.Quiz;
				PRODUCT_NAME = "$(TARGET_NAME)";
				SWIFT_VERSION = 4.0;
				TARGETED_DEVICE_FAMILY = "1,2";
			};
			name = Release;
		};
		F1590F22203DEC3C00C12D4B /* Debug */ = {
			isa = XCBuildConfiguration;
			buildSettings = {
				ALWAYS_EMBED_SWIFT_STANDARD_LIBRARIES = YES;
				BUNDLE_LOADER = "$(TEST_HOST)";
				CODE_SIGN_STYLE = Automatic;
				INFOPLIST_FILE = QuizTests/Info.plist;
				LD_RUNPATH_SEARCH_PATHS = "$(inherited) @executable_path/Frameworks @loader_path/Frameworks";
				PRODUCT_BUNDLE_IDENTIFIER = mx.com.mapea.QuizTests;
				PRODUCT_NAME = "$(TARGET_NAME)";
				SWIFT_VERSION = 4.0;
				TARGETED_DEVICE_FAMILY = "1,2";
				TEST_HOST = "$(BUILT_PRODUCTS_DIR)/Quiz.app/Quiz";
			};
			name = Debug;
		};
		F1590F23203DEC3C00C12D4B /* Release */ = {
			isa = XCBuildConfiguration;
			buildSettings = {
				ALWAYS_EMBED_SWIFT_STANDARD_LIBRARIES = YES;
				BUNDLE_LOADER = "$(TEST_HOST)";
				CODE_SIGN_STYLE = Automatic;
				INFOPLIST_FILE = QuizTests/Info.plist;
				LD_RUNPATH_SEARCH_PATHS = "$(inherited) @executable_path/Frameworks @loader_path/Frameworks";
				PRODUCT_BUNDLE_IDENTIFIER = mx.com.mapea.QuizTests;
				PRODUCT_NAME = "$(TARGET_NAME)";
				SWIFT_VERSION = 4.0;
				TARGETED_DEVICE_FAMILY = "1,2";
				TEST_HOST = "$(BUILT_PRODUCTS_DIR)/Quiz.app/Quiz";
			};
			name = Release;
		};
		F1590F25203DEC3C00C12D4B /* Debug */ = {
			isa = XCBuildConfiguration;
			buildSettings = {
				ALWAYS_EMBED_SWIFT_STANDARD_LIBRARIES = YES;
				CODE_SIGN_STYLE = Automatic;
				INFOPLIST_FILE = QuizUITests/Info.plist;
				LD_RUNPATH_SEARCH_PATHS = "$(inherited) @executable_path/Frameworks @loader_path/Frameworks";
				PRODUCT_BUNDLE_IDENTIFIER = mx.com.mapea.QuizUITests;
				PRODUCT_NAME = "$(TARGET_NAME)";
				SWIFT_VERSION = 4.0;
				TARGETED_DEVICE_FAMILY = "1,2";
				TEST_TARGET_NAME = Quiz;
			};
			name = Debug;
		};
		F1590F26203DEC3C00C12D4B /* Release */ = {
			isa = XCBuildConfiguration;
			buildSettings = {
				ALWAYS_EMBED_SWIFT_STANDARD_LIBRARIES = YES;
				CODE_SIGN_STYLE = Automatic;
				INFOPLIST_FILE = QuizUITests/Info.plist;
				LD_RUNPATH_SEARCH_PATHS = "$(inherited) @executable_path/Frameworks @loader_path/Frameworks";
				PRODUCT_BUNDLE_IDENTIFIER = mx.com.mapea.QuizUITests;
				PRODUCT_NAME = "$(TARGET_NAME)";
				SWIFT_VERSION = 4.0;
				TARGETED_DEVICE_FAMILY = "1,2";
				TEST_TARGET_NAME = Quiz;
			};
			name = Release;
		};
/* End XCBuildConfiguration section */

/* Begin XCConfigurationList section */
		F1590EF1203DEC3C00C12D4B /* Build configuration list for PBXProject "Quiz" */ = {
			isa = XCConfigurationList;
			buildConfigurations = (
				F1590F1C203DEC3C00C12D4B /* Debug */,
				F1590F1D203DEC3C00C12D4B /* Release */,
			);
			defaultConfigurationIsVisible = 0;
			defaultConfigurationName = Release;
		};
		F1590F1E203DEC3C00C12D4B /* Build configuration list for PBXNativeTarget "Quiz" */ = {
			isa = XCConfigurationList;
			buildConfigurations = (
				F1590F1F203DEC3C00C12D4B /* Debug */,
				F1590F20203DEC3C00C12D4B /* Release */,
			);
			defaultConfigurationIsVisible = 0;
			defaultConfigurationName = Release;
		};
		F1590F21203DEC3C00C12D4B /* Build configuration list for PBXNativeTarget "QuizTests" */ = {
			isa = XCConfigurationList;
			buildConfigurations = (
				F1590F22203DEC3C00C12D4B /* Debug */,
				F1590F23203DEC3C00C12D4B /* Release */,
			);
			defaultConfigurationIsVisible = 0;
			defaultConfigurationName = Release;
		};
		F1590F24203DEC3C00C12D4B /* Build configuration list for PBXNativeTarget "QuizUITests" */ = {
			isa = XCConfigurationList;
			buildConfigurations = (
				F1590F25203DEC3C00C12D4B /* Debug */,
				F1590F26203DEC3C00C12D4B /* Release */,
			);
			defaultConfigurationIsVisible = 0;
			defaultConfigurationName = Release;
		};
/* End XCConfigurationList section */
	};
	rootObject = F1590EEE203DEC3C00C12D4B /* Project object */;
}
